
Microsoft Visual Studio Solution File, Format Version 12.00
# Visual Studio Version 17
VisualStudioVersion = 17.7.34031.279
MinimumVisualStudioVersion = 10.0.40219.1
Project("{9A19103F-16F7-4668-BE54-9A1E7A4F7556}") = "Tools", "Tools\Tools.csproj", "{08BAAD34-07F5-45CB-8056-368F72CEEE06}"
EndProject
Project("{9A19103F-16F7-4668-BE54-9A1E7A4F7556}") = "Tools.Library", "Tools.Library\Tools.Library.csproj", "{B2B8C0BC-2507-4A50-8220-4E77BAC44FB7}"
EndProject
Global
	GlobalSection(SolutionConfigurationPlatforms) = preSolution
		Debug|Any CPU = Debug|Any CPU
		Release|Any CPU = Release|Any CPU
	EndGlobalSection
	GlobalSection(ProjectConfigurationPlatforms) = postSolution
		{08BAAD34-07F5-45CB-8056-368F72CEEE06}.Debug|Any CPU.ActiveCfg = Debug|Any CPU
		{08BAAD34-07F5-45CB-8056-368F72CEEE06}.Debug|Any CPU.Build.0 = Debug|Any CPU
		{08BAAD34-07F5-45CB-8056-368F72CEEE06}.Release|Any CPU.ActiveCfg = Release|Any CPU
		{08BAAD34-07F5-45CB-8056-368F72CEEE06}.Release|Any CPU.Build.0 = Release|Any CPU
		{B2B8C0BC-2507-4A50-8220-4E77BAC44FB7}.Debug|Any CPU.ActiveCfg = Debug|Any CPU
		{B2B8C0BC-2507-4A50-8220-4E77BAC44FB7}.Debug|Any CPU.Build.0 = Debug|Any CPU
		{B2B8C0BC-2507-4A50-8220-4E77BAC44FB7}.Release|Any CPU.ActiveCfg = Release|Any CPU
		{B2B8C0BC-2507-4A50-8220-4E77BAC44FB7}.Release|Any CPU.Build.0 = Release|Any CPU
	EndGlobalSection
	GlobalSection(SolutionProperties) = preSolution
		HideSolutionNode = FALSE
	EndGlobalSection
	GlobalSection(ExtensibilityGlobals) = postSolution
		SolutionGuid = {51170E85-CFD1-4F74-9B7F-8A83F41C2593}
	EndGlobalSection
EndGlobal
